// !$*UTF8*$!
{
	archiveVersion = 1;
	classes = {
	};
	objectVersion = 46;
	objects = {

/* Begin PBXBuildFile section */
		62660FEC1A373501007784C3 /* Detail2ViewController.swift in Sources */ = {isa = PBXBuildFile; fileRef = 62660FEB1A373501007784C3 /* Detail2ViewController.swift */; };
		6278FF3A1A2A026000903558 /* AppDelegate.swift in Sources */ = {isa = PBXBuildFile; fileRef = 6278FF391A2A026000903558 /* AppDelegate.swift */; };
		6278FF3C1A2A026000903558 /* MasterViewController.swift in Sources */ = {isa = PBXBuildFile; fileRef = 6278FF3B1A2A026000903558 /* MasterViewController.swift */; };
		6278FF3E1A2A026000903558 /* Detail1ViewController.swift in Sources */ = {isa = PBXBuildFile; fileRef = 6278FF3D1A2A026000903558 /* Detail1ViewController.swift */; };
		6278FF411A2A026000903558 /* Main.storyboard in Resources */ = {isa = PBXBuildFile; fileRef = 6278FF3F1A2A026000903558 /* Main.storyboard */; };
		6278FF431A2A026000903558 /* Images.xcassets in Resources */ = {isa = PBXBuildFile; fileRef = 6278FF421A2A026000903558 /* Images.xcassets */; };
		6278FF461A2A026000903558 /* LaunchScreen.xib in Resources */ = {isa = PBXBuildFile; fileRef = 6278FF441A2A026000903558 /* LaunchScreen.xib */; };
		6278FF521A2A026000903558 /* gestureSampleTests.swift in Sources */ = {isa = PBXBuildFile; fileRef = 6278FF511A2A026000903558 /* gestureSampleTests.swift */; };
/* End PBXBuildFile section */

/* Begin PBXContainerItemProxy section */
		6278FF4C1A2A026000903558 /* PBXContainerItemProxy */ = {
			isa = PBXContainerItemProxy;
			containerPortal = 6278FF2C1A2A026000903558 /* Project object */;
			proxyType = 1;
			remoteGlobalIDString = 6278FF331A2A026000903558;
			remoteInfo = gestureSample;
		};
/* End PBXContainerItemProxy section */

/* Begin PBXFileReference section */
		62660FEB1A373501007784C3 /* Detail2ViewController.swift */ = {isa = PBXFileReference; fileEncoding = 4; lastKnownFileType = sourcecode.swift; path = Detail2ViewController.swift; sourceTree = "<group>"; };
		6278FF341A2A026000903558 /* gestureSample.app */ = {isa = PBXFileReference; explicitFileType = wrapper.application; includeInIndex = 0; path = gestureSample.app; sourceTree = BUILT_PRODUCTS_DIR; };
		6278FF381A2A026000903558 /* Info.plist */ = {isa = PBXFileReference; lastKnownFileType = text.plist.xml; path = Info.plist; sourceTree = "<group>"; };
		6278FF391A2A026000903558 /* AppDelegate.swift */ = {isa = PBXFileReference; lastKnownFileType = sourcecode.swift; path = AppDelegate.swift; sourceTree = "<group>"; };
		6278FF3B1A2A026000903558 /* MasterViewController.swift */ = {isa = PBXFileReference; lastKnownFileType = sourcecode.swift; path = MasterViewController.swift; sourceTree = "<group>"; };
		6278FF3D1A2A026000903558 /* Detail1ViewController.swift */ = {isa = PBXFileReference; lastKnownFileType = sourcecode.swift; path = Detail1ViewController.swift; sourceTree = "<group>"; };
		6278FF401A2A026000903558 /* Base */ = {isa = PBXFileReference; lastKnownFileType = file.storyboard; name = Base; path = Base.lproj/Main.storyboard; sourceTree = "<group>"; };
		6278FF421A2A026000903558 /* Images.xcassets */ = {isa = PBXFileReference; lastKnownFileType = folder.assetcatalog; path = Images.xcassets; sourceTree = "<group>"; };
		6278FF451A2A026000903558 /* Base */ = {isa = PBXFileReference; lastKnownFileType = file.xib; name = Base; path = Base.lproj/LaunchScreen.xib; sourceTree = "<group>"; };
		6278FF4B1A2A026000903558 /* gestureSampleTests.xctest */ = {isa = PBXFileReference; explicitFileType = wrapper.cfbundle; includeInIndex = 0; path = gestureSampleTests.xctest; sourceTree = BUILT_PRODUCTS_DIR; };
		6278FF501A2A026000903558 /* Info.plist */ = {isa = PBXFileReference; lastKnownFileType = text.plist.xml; path = Info.plist; sourceTree = "<group>"; };
		6278FF511A2A026000903558 /* gestureSampleTests.swift */ = {isa = PBXFileReference; lastKnownFileType = sourcecode.swift; path = gestureSampleTests.swift; sourceTree = "<group>"; };
/* End PBXFileReference section */

/* Begin PBXFrameworksBuildPhase section */
		6278FF311A2A026000903558 /* Frameworks */ = {
			isa = PBXFrameworksBuildPhase;
			buildActionMask = 2147483647;
			files = (
			);
			runOnlyForDeploymentPostprocessing = 0;
		};
		6278FF481A2A026000903558 /* Frameworks */ = {
			isa = PBXFrameworksBuildPhase;
			buildActionMask = 2147483647;
			files = (
			);
			runOnlyForDeploymentPostprocessing = 0;
		};
/* End PBXFrameworksBuildPhase section */

/* Begin PBXGroup section */
		6278FF2B1A2A026000903558 = {
			isa = PBXGroup;
			children = (
				6278FF361A2A026000903558 /* gestureSample */,
				6278FF4E1A2A026000903558 /* gestureSampleTests */,
				6278FF351A2A026000903558 /* Products */,
			);
			sourceTree = "<group>";
		};
		6278FF351A2A026000903558 /* Products */ = {
			isa = PBXGroup;
			children = (
				6278FF341A2A026000903558 /* gestureSample.app */,
				6278FF4B1A2A026000903558 /* gestureSampleTests.xctest */,
			);
			name = Products;
			sourceTree = "<group>";
		};
		6278FF361A2A026000903558 /* gestureSample */ = {
			isa = PBXGroup;
			children = (
				6278FF391A2A026000903558 /* AppDelegate.swift */,
				6278FF3B1A2A026000903558 /* MasterViewController.swift */,
				6278FF3D1A2A026000903558 /* Detail1ViewController.swift */,
				62660FEB1A373501007784C3 /* Detail2ViewController.swift */,
				6278FF3F1A2A026000903558 /* Main.storyboard */,
				6278FF421A2A026000903558 /* Images.xcassets */,
				6278FF441A2A026000903558 /* LaunchScreen.xib */,
				6278FF371A2A026000903558 /* Supporting Files */,
			);
			path = gestureSample;
			sourceTree = "<group>";
		};
		6278FF371A2A026000903558 /* Supporting Files */ = {
			isa = PBXGroup;
			children = (
				6278FF381A2A026000903558 /* Info.plist */,
			);
			name = "Supporting Files";
			sourceTree = "<group>";
		};
		6278FF4E1A2A026000903558 /* gestureSampleTests */ = {
			isa = PBXGroup;
			children = (
				6278FF511A2A026000903558 /* gestureSampleTests.swift */,
				6278FF4F1A2A026000903558 /* Supporting Files */,
			);
			path = gestureSampleTests;
			sourceTree = "<group>";
		};
		6278FF4F1A2A026000903558 /* Supporting Files */ = {
			isa = PBXGroup;
			children = (
				6278FF501A2A026000903558 /* Info.plist */,
			);
			name = "Supporting Files";
			sourceTree = "<group>";
		};
/* End PBXGroup section */

/* Begin PBXNativeTarget section */
		6278FF331A2A026000903558 /* gestureSample */ = {
			isa = PBXNativeTarget;
			buildConfigurationList = 6278FF551A2A026000903558 /* Build configuration list for PBXNativeTarget "gestureSample" */;
			buildPhases = (
				6278FF301A2A026000903558 /* Sources */,
				6278FF311A2A026000903558 /* Frameworks */,
				6278FF321A2A026000903558 /* Resources */,
			);
			buildRules = (
			);
			dependencies = (
			);
			name = gestureSample;
			productName = gestureSample;
			productReference = 6278FF341A2A026000903558 /* gestureSample.app */;
			productType = "com.apple.product-type.application";
		};
		6278FF4A1A2A026000903558 /* gestureSampleTests */ = {
			isa = PBXNativeTarget;
			buildConfigurationList = 6278FF581A2A026000903558 /* Build configuration list for PBXNativeTarget "gestureSampleTests" */;
			buildPhases = (
				6278FF471A2A026000903558 /* Sources */,
				6278FF481A2A026000903558 /* Frameworks */,
				6278FF491A2A026000903558 /* Resources */,
			);
			buildRules = (
			);
			dependencies = (
				6278FF4D1A2A026000903558 /* PBXTargetDependency */,
			);
			name = gestureSampleTests;
			productName = gestureSampleTests;
			productReference = 6278FF4B1A2A026000903558 /* gestureSampleTests.xctest */;
			productType = "com.apple.product-type.bundle.unit-test";
		};
/* End PBXNativeTarget section */

/* Begin PBXProject section */
		6278FF2C1A2A026000903558 /* Project object */ = {
			isa = PBXProject;
			attributes = {
				LastUpgradeCheck = 0610;
				ORGANIZATIONNAME = "栗本幸正";
				TargetAttributes = {
					6278FF331A2A026000903558 = {
						CreatedOnToolsVersion = 6.1;
					};
					6278FF4A1A2A026000903558 = {
						CreatedOnToolsVersion = 6.1;
						TestTargetID = 6278FF331A2A026000903558;
					};
				};
			};
			buildConfigurationList = 6278FF2F1A2A026000903558 /* Build configuration list for PBXProject "gestureSample" */;
			compatibilityVersion = "Xcode 3.2";
			developmentRegion = English;
			hasScannedForEncodings = 0;
			knownRegions = (
				en,
				Base,
			);
			mainGroup = 6278FF2B1A2A026000903558;
			productRefGroup = 6278FF351A2A026000903558 /* Products */;
			projectDirPath = "";
			projectRoot = "";
			targets = (
				6278FF331A2A026000903558 /* gestureSample */,
				6278FF4A1A2A026000903558 /* gestureSampleTests */,
			);
		};
/* End PBXProject section */

/* Begin PBXResourcesBuildPhase section */
		6278FF321A2A026000903558 /* Resources */ = {
			isa = PBXResourcesBuildPhase;
			buildActionMask = 2147483647;
			files = (
				6278FF411A2A026000903558 /* Main.storyboard in Resources */,
				6278FF461A2A026000903558 /* LaunchScreen.xib in Resources */,
				6278FF431A2A026000903558 /* Images.xcassets in Resources */,
			);
			runOnlyForDeploymentPostprocessing = 0;
		};
		6278FF491A2A026000903558 /* Resources */ = {
			isa = PBXResourcesBuildPhase;
			buildActionMask = 2147483647;
			files = (
			);
			runOnlyForDeploymentPostprocessing = 0;
		};
/* End PBXResourcesBuildPhase section */

/* Begin PBXSourcesBuildPhase section */
		6278FF301A2A026000903558 /* Sources */ = {
			isa = PBXSourcesBuildPhase;
			buildActionMask = 2147483647;
			files = (
				6278FF3E1A2A026000903558 /* Detail1ViewController.swift in Sources */,
				6278FF3C1A2A026000903558 /* MasterViewController.swift in Sources */,
				62660FEC1A373501007784C3 /* Detail2ViewController.swift in Sources */,
				6278FF3A1A2A026000903558 /* AppDelegate.swift in Sources */,
			);
			runOnlyForDeploymentPostprocessing = 0;
		};
		6278FF471A2A026000903558 /* Sources */ = {
			isa = PBXSourcesBuildPhase;
			buildActionMask = 2147483647;
			files = (
				6278FF521A2A026000903558 /* gestureSampleTests.swift in Sources */,
			);
			runOnlyForDeploymentPostprocessing = 0;
		};
/* End PBXSourcesBuildPhase section */

/* Begin PBXTargetDependency section */
		6278FF4D1A2A026000903558 /* PBXTargetDependency */ = {
			isa = PBXTargetDependency;
			target = 6278FF331A2A026000903558 /* gestureSample */;
			targetProxy = 6278FF4C1A2A026000903558 /* PBXContainerItemProxy */;
		};
/* End PBXTargetDependency section */

/* Begin PBXVariantGroup section */
		6278FF3F1A2A026000903558 /* Main.storyboard */ = {
			isa = PBXVariantGroup;
			children = (
				6278FF401A2A026000903558 /* Base */,
			);
			name = Main.storyboard;
			sourceTree = "<group>";
		};
		6278FF441A2A026000903558 /* LaunchScreen.xib */ = {
			isa = PBXVariantGroup;
			children = (
				6278FF451A2A026000903558 /* Base */,
			);
			name = LaunchScreen.xib;
			sourceTree = "<group>";
		};
/* End PBXVariantGroup section */

/* Begin XCBuildConfiguration section */
		6278FF531A2A026000903558 /* Debug */ = {
			isa = XCBuildConfiguration;
			buildSettings = {
				ALWAYS_SEARCH_USER_PATHS = NO;
				CLANG_CXX_LANGUAGE_STANDARD = "gnu++0x";
				CLANG_CXX_LIBRARY = "libc++";
				CLANG_ENABLE_MODULES = YES;
				CLANG_ENABLE_OBJC_ARC = YES;
				CLANG_WARN_BOOL_CONVERSION = YES;
				CLANG_WARN_CONSTANT_CONVERSION = YES;
				CLANG_WARN_DIRECT_OBJC_ISA_USAGE = YES_ERROR;
				CLANG_WARN_EMPTY_BODY = YES;
				CLANG_WARN_ENUM_CONVERSION = YES;
				CLANG_WARN_INT_CONVERSION = YES;
				CLANG_WARN_OBJC_ROOT_CLASS = YES_ERROR;
				CLANG_WARN_UNREACHABLE_CODE = YES;
				CLANG_WARN__DUPLICATE_METHOD_MATCH = YES;
				"CODE_SIGN_IDENTITY[sdk=iphoneos*]" = "iPhone Developer";
				COPY_PHASE_STRIP = NO;
				ENABLE_STRICT_OBJC_MSGSEND = YES;
				GCC_C_LANGUAGE_STANDARD = gnu99;
				GCC_DYNAMIC_NO_PIC = NO;
				GCC_OPTIMIZATION_LEVEL = 0;
				GCC_PREPROCESSOR_DEFINITIONS = (
					"DEBUG=1",
					"$(inherited)",
				);
				GCC_SYMBOLS_PRIVATE_EXTERN = NO;
				GCC_WARN_64_TO_32_BIT_CONVERSION = YES;
				GCC_WARN_ABOUT_RETURN_TYPE = YES_ERROR;
				GCC_WARN_UNDECLARED_SELECTOR = YES;
				GCC_WARN_UNINITIALIZED_AUTOS = YES_AGGRESSIVE;
				GCC_WARN_UNUSED_FUNCTION = YES;
				GCC_WARN_UNUSED_VARIABLE = YES;
				IPHONEOS_DEPLOYMENT_TARGET = 8.1;
				MTL_ENABLE_DEBUG_INFO = YES;
				ONLY_ACTIVE_ARCH = YES;
				SDKROOT = iphoneos;
				SWIFT_OPTIMIZATION_LEVEL = "-Onone";
			};
			name = Debug;
		};
		6278FF541A2A026000903558 /* Release */ = {
			isa = XCBuildConfiguration;
			buildSettings = {
				ALWAYS_SEARCH_USER_PATHS = NO;
				CLANG_CXX_LANGUAGE_STANDARD = "gnu++0x";
				CLANG_CXX_LIBRARY = "libc++";
				CLANG_ENABLE_MODULES = YES;
				CLANG_ENABLE_OBJC_ARC = YES;
				CLANG_WARN_BOOL_CONVERSION = YES;
				CLANG_WARN_CONSTANT_CONVERSION = YES;
				CLANG_WARN_DIRECT_OBJC_ISA_USAGE = YES_ERROR;
				CLANG_WARN_EMPTY_BODY = YES;
				CLANG_WARN_ENUM_CONVERSION = YES;
				CLANG_WARN_INT_CONVERSION = YES;
				CLANG_WARN_OBJC_ROOT_CLASS = YES_ERROR;
				CLANG_WARN_UNREACHABLE_CODE = YES;
				CLANG_WARN__DUPLICATE_METHOD_MATCH = YES;
				"CODE_SIGN_IDENTITY[sdk=iphoneos*]" = "iPhone Developer";
				COPY_PHASE_STRIP = YES;
				ENABLE_NS_ASSERTIONS = NO;
				ENABLE_STRICT_OBJC_MSGSEND = YES;
				GCC_C_LANGUAGE_STANDARD = gnu99;
				GCC_WARN_64_TO_32_BIT_CONVERSION = YES;
				GCC_WARN_ABOUT_RETURN_TYPE = YES_ERROR;
				GCC_WARN_UNDECLARED_SELECTOR = YES;
				GCC_WARN_UNINITIALIZED_AUTOS = YES_AGGRESSIVE;
				GCC_WARN_UNUSED_FUNCTION = YES;
				GCC_WARN_UNUSED_VARIABLE = YES;
				IPHONEOS_DEPLOYMENT_TARGET = 8.1;
				MTL_ENABLE_DEBUG_INFO = NO;
				SDKROOT = iphoneos;
				VALIDATE_PRODUCT = YES;
			};
			name = Release;
		};
		6278FF561A2A026000903558 /* Debug */ = {
			isa = XCBuildConfiguration;
			buildSettings = {
				ASSETCATALOG_COMPILER_APPICON_NAME = AppIcon;
				INFOPLIST_FILE = gestureSample/Info.plist;
				LD_RUNPATH_SEARCH_PATHS = "$(inherited) @executable_path/Frameworks";
				PRODUCT_NAME = "$(TARGET_NAME)";
			};
			name = Debug;
		};
		6278FF571A2A026000903558 /* Release */ = {
			isa = XCBuildConfiguration;
			buildSettings = {
				ASSETCATALOG_COMPILER_APPICON_NAME = AppIcon;
				INFOPLIST_FILE = gestureSample/Info.plist;
				LD_RUNPATH_SEARCH_PATHS = "$(inherited) @executable_path/Frameworks";
				PRODUCT_NAME = "$(TARGET_NAME)";
			};
			name = Release;
		};
		6278FF591A2A026000903558 /* Debug */ = {
			isa = XCBuildConfiguration;
			buildSettings = {
				BUNDLE_LOADER = "$(TEST_HOST)";
				FRAMEWORK_SEARCH_PATHS = (
					"$(SDKROOT)/Developer/Library/Frameworks",
					"$(inherited)",
				);
				GCC_PREPROCESSOR_DEFINITIONS = (
					"DEBUG=1",
					"$(inherited)",
				);
				INFOPLIST_FILE = gestureSampleTests/Info.plist;
				LD_RUNPATH_SEARCH_PATHS = "$(inherited) @executable_path/Frameworks @loader_path/Frameworks";
				PRODUCT_NAME = "$(TARGET_NAME)";
				TEST_HOST = "$(BUILT_PRODUCTS_DIR)/gestureSample.app/gestureSample";
			};
			name = Debug;
		};
		6278FF5A1A2A026000903558 /* Release */ = {
			isa = XCBuildConfiguration;
			buildSettings = {
				BUNDLE_LOADER = "$(TEST_HOST)";
				FRAMEWORK_SEARCH_PATHS = (
					"$(SDKROOT)/Developer/Library/Frameworks",
					"$(inherited)",
				);
				INFOPLIST_FILE = gestureSampleTests/Info.plist;
				LD_RUNPATH_SEARCH_PATHS = "$(inherited) @executable_path/Frameworks @loader_path/Frameworks";
				PRODUCT_NAME = "$(TARGET_NAME)";
				TEST_HOST = "$(BUILT_PRODUCTS_DIR)/gestureSample.app/gestureSample";
			};
			name = Release;
		};
/* End XCBuildConfiguration section */

/* Begin XCConfigurationList section */
		6278FF2F1A2A026000903558 /* Build configuration list for PBXProject "gestureSample" */ = {
			isa = XCConfigurationList;
			buildConfigurations = (
				6278FF531A2A026000903558 /* Debug */,
				6278FF541A2A026000903558 /* Release */,
			);
			defaultConfigurationIsVisible = 0;
			defaultConfigurationName = Release;
		};
		6278FF551A2A026000903558 /* Build configuration list for PBXNativeTarget "gestureSample" */ = {
			isa = XCConfigurationList;
			buildConfigurations = (
				6278FF561A2A026000903558 /* Debug */,
				6278FF571A2A026000903558 /* Release */,
			);
			defaultConfigurationIsVisible = 0;
			defaultConfigurationName = Release;
		};
		6278FF581A2A026000903558 /* Build configuration list for PBXNativeTarget "gestureSampleTests" */ = {
			isa = XCConfigurationList;
			buildConfigurations = (
				6278FF591A2A026000903558 /* Debug */,
				6278FF5A1A2A026000903558 /* Release */,
			);
			defaultConfigurationIsVisible = 0;
			defaultConfigurationName = Release;
		};
/* End XCConfigurationList section */
	};
	rootObject = 6278FF2C1A2A026000903558 /* Project object */;
}
